// !$*UTF8*$!
{
	archiveVersion = 1;
	classes = {
	};
	objectVersion = 48;
	objects = {

/* Begin PBXBuildFile section */
		A84670408376A9F96B424C5C /* Pods_2DoList.framework in Frameworks */ = {isa = PBXBuildFile; fileRef = 99A24CED5707DCACE31D00F1 /* Pods_2DoList.framework */; };
		EF15AE781FF4559500ACAB59 /* CategoryViewController.swift in Sources */ = {isa = PBXBuildFile; fileRef = EF15AE771FF4559500ACAB59 /* CategoryViewController.swift */; };
		EF15AE7E1FF82DFF00ACAB59 /* SwipeTableViewController.swift in Sources */ = {isa = PBXBuildFile; fileRef = EF15AE7D1FF82DFF00ACAB59 /* SwipeTableViewController.swift */; };
		EF77060A1FEFCC2F00876712 /* AppDelegate.swift in Sources */ = {isa = PBXBuildFile; fileRef = EF7706091FEFCC2F00876712 /* AppDelegate.swift */; };
		EF77060C1FEFCC2F00876712 /* TodoListViewController.swift in Sources */ = {isa = PBXBuildFile; fileRef = EF77060B1FEFCC2F00876712 /* TodoListViewController.swift */; };
		EF77060F1FEFCC2F00876712 /* Main.storyboard in Resources */ = {isa = PBXBuildFile; fileRef = EF77060D1FEFCC2F00876712 /* Main.storyboard */; };
		EF7706111FEFCC2F00876712 /* Assets.xcassets in Resources */ = {isa = PBXBuildFile; fileRef = EF7706101FEFCC2F00876712 /* Assets.xcassets */; };
		EF7706141FEFCC2F00876712 /* LaunchScreen.storyboard in Resources */ = {isa = PBXBuildFile; fileRef = EF7706121FEFCC2F00876712 /* LaunchScreen.storyboard */; };
		EF790D931FF01ECF00A44C29 /* DataModel.xcdatamodeld in Sources */ = {isa = PBXBuildFile; fileRef = EF790D911FF01ECF00A44C29 /* DataModel.xcdatamodeld */; };
/* End PBXBuildFile section */

/* Begin PBXFileReference section */
		91A64F95EDB93DEDF56FCF95 /* Pods-2DoList.release.xcconfig */ = {isa = PBXFileReference; includeInIndex = 1; lastKnownFileType = text.xcconfig; name = "Pods-2DoList.release.xcconfig"; path = "Pods/Target Support Files/Pods-2DoList/Pods-2DoList.release.xcconfig"; sourceTree = "<group>"; };
		99A24CED5707DCACE31D00F1 /* Pods_2DoList.framework */ = {isa = PBXFileReference; explicitFileType = wrapper.framework; includeInIndex = 0; path = Pods_2DoList.framework; sourceTree = BUILT_PRODUCTS_DIR; };
		AB56C40F77FB2007401C5F14 /* Pods-2DoList.debug.xcconfig */ = {isa = PBXFileReference; includeInIndex = 1; lastKnownFileType = text.xcconfig; name = "Pods-2DoList.debug.xcconfig"; path = "Pods/Target Support Files/Pods-2DoList/Pods-2DoList.debug.xcconfig"; sourceTree = "<group>"; };
		EF15AE771FF4559500ACAB59 /* CategoryViewController.swift */ = {isa = PBXFileReference; lastKnownFileType = sourcecode.swift; path = CategoryViewController.swift; sourceTree = "<group>"; };
		EF15AE7D1FF82DFF00ACAB59 /* SwipeTableViewController.swift */ = {isa = PBXFileReference; lastKnownFileType = sourcecode.swift; path = SwipeTableViewController.swift; sourceTree = "<group>"; };
		EF7706061FEFCC2F00876712 /* 2DoList.app */ = {isa = PBXFileReference; explicitFileType = wrapper.application; includeInIndex = 0; path = 2DoList.app; sourceTree = BUILT_PRODUCTS_DIR; };
		EF7706091FEFCC2F00876712 /* AppDelegate.swift */ = {isa = PBXFileReference; lastKnownFileType = sourcecode.swift; path = AppDelegate.swift; sourceTree = "<group>"; };
		EF77060B1FEFCC2F00876712 /* TodoListViewController.swift */ = {isa = PBXFileReference; lastKnownFileType = sourcecode.swift; path = TodoListViewController.swift; sourceTree = "<group>"; };
		EF77060E1FEFCC2F00876712 /* Base */ = {isa = PBXFileReference; lastKnownFileType = file.storyboard; name = Base; path = Base.lproj/Main.storyboard; sourceTree = "<group>"; };
		EF7706101FEFCC2F00876712 /* Assets.xcassets */ = {isa = PBXFileReference; lastKnownFileType = folder.assetcatalog; path = Assets.xcassets; sourceTree = "<group>"; };
		EF7706131FEFCC2F00876712 /* Base */ = {isa = PBXFileReference; lastKnownFileType = file.storyboard; name = Base; path = Base.lproj/LaunchScreen.storyboard; sourceTree = "<group>"; };
		EF7706151FEFCC2F00876712 /* Info.plist */ = {isa = PBXFileReference; lastKnownFileType = text.plist.xml; path = Info.plist; sourceTree = "<group>"; };
		EF790D921FF01ECF00A44C29 /* DataModel.xcdatamodel */ = {isa = PBXFileReference; lastKnownFileType = wrapper.xcdatamodel; path = DataModel.xcdatamodel; sourceTree = "<group>"; };
/* End PBXFileReference section */

/* Begin PBXFrameworksBuildPhase section */
		EF7706031FEFCC2F00876712 /* Frameworks */ = {
			isa = PBXFrameworksBuildPhase;
			buildActionMask = 2147483647;
			files = (
				A84670408376A9F96B424C5C /* Pods_2DoList.framework in Frameworks */,
			);
			runOnlyForDeploymentPostprocessing = 0;
		};
/* End PBXFrameworksBuildPhase section */

/* Begin PBXGroup section */
		0ED825A1A447459A0B894F3A /* Pods */ = {
			isa = PBXGroup;
			children = (
				AB56C40F77FB2007401C5F14 /* Pods-2DoList.debug.xcconfig */,
				91A64F95EDB93DEDF56FCF95 /* Pods-2DoList.release.xcconfig */,
			);
			name = Pods;
			sourceTree = "<group>";
		};
		25F8D24BAF94032E8F7D0312 /* Frameworks */ = {
			isa = PBXGroup;
			children = (
				99A24CED5707DCACE31D00F1 /* Pods_2DoList.framework */,
			);
			name = Frameworks;
			sourceTree = "<group>";
		};
		EF7705FD1FEFCC2F00876712 = {
			isa = PBXGroup;
			children = (
				EF7706081FEFCC2F00876712 /* 2DoList */,
				EF7706071FEFCC2F00876712 /* Products */,
				0ED825A1A447459A0B894F3A /* Pods */,
				25F8D24BAF94032E8F7D0312 /* Frameworks */,
			);
			sourceTree = "<group>";
		};
		EF7706071FEFCC2F00876712 /* Products */ = {
			isa = PBXGroup;
			children = (
				EF7706061FEFCC2F00876712 /* 2DoList.app */,
			);
			name = Products;
			sourceTree = "<group>";
		};
		EF7706081FEFCC2F00876712 /* 2DoList */ = {
			isa = PBXGroup;
			children = (
				EF7706091FEFCC2F00876712 /* AppDelegate.swift */,
				EF790D8D1FF01E5300A44C29 /* Controllers */,
				EF790D8E1FF01E6500A44C29 /* Data Model */,
				EF790D8F1FF01E7700A44C29 /* View */,
				EF790D901FF01E9500A44C29 /* Supporting Files */,
				EF7706151FEFCC2F00876712 /* Info.plist */,
			);
			path = 2DoList;
			sourceTree = "<group>";
		};
		EF790D8D1FF01E5300A44C29 /* Controllers */ = {
			isa = PBXGroup;
			children = (
				EF15AE771FF4559500ACAB59 /* CategoryViewController.swift */,
				EF15AE7D1FF82DFF00ACAB59 /* SwipeTableViewController.swift */,
				EF77060B1FEFCC2F00876712 /* TodoListViewController.swift */,
			);
			path = Controllers;
			sourceTree = "<group>";
		};
		EF790D8E1FF01E6500A44C29 /* Data Model */ = {
			isa = PBXGroup;
			children = (
				EF790D911FF01ECF00A44C29 /* DataModel.xcdatamodeld */,
			);
			path = "Data Model";
			sourceTree = "<group>";
		};
		EF790D8F1FF01E7700A44C29 /* View */ = {
			isa = PBXGroup;
			children = (
				EF77060D1FEFCC2F00876712 /* Main.storyboard */,
			);
			path = View;
			sourceTree = "<group>";
		};
		EF790D901FF01E9500A44C29 /* Supporting Files */ = {
			isa = PBXGroup;
			children = (
				EF7706101FEFCC2F00876712 /* Assets.xcassets */,
				EF7706121FEFCC2F00876712 /* LaunchScreen.storyboard */,
			);
			path = "Supporting Files";
			sourceTree = "<group>";
		};
/* End PBXGroup section */

/* Begin PBXNativeTarget section */
		EF7706051FEFCC2F00876712 /* 2DoList */ = {
			isa = PBXNativeTarget;
			buildConfigurationList = EF7706181FEFCC2F00876712 /* Build configuration list for PBXNativeTarget "2DoList" */;
			buildPhases = (
				5CF631D33F7CBC0B640C6C37 /* [CP] Check Pods Manifest.lock */,
				EF7706021FEFCC2F00876712 /* Sources */,
				EF7706031FEFCC2F00876712 /* Frameworks */,
				EF7706041FEFCC2F00876712 /* Resources */,
				CFD4AD0DEF3DFCBFA8901C3C /* [CP] Embed Pods Frameworks */,
				87AA98C2CC917706B11B8343 /* [CP] Copy Pods Resources */,
			);
			buildRules = (
			);
			dependencies = (
			);
			name = 2DoList;
			productName = 2DoList;
			productReference = EF7706061FEFCC2F00876712 /* 2DoList.app */;
			productType = "com.apple.product-type.application";
		};
/* End PBXNativeTarget section */

/* Begin PBXProject section */
		EF7705FE1FEFCC2F00876712 /* Project object */ = {
			isa = PBXProject;
			attributes = {
				LastSwiftUpdateCheck = 0910;
				LastUpgradeCheck = 0910;
				ORGANIZATIONNAME = "Marko Tribl";
				TargetAttributes = {
					EF7706051FEFCC2F00876712 = {
						CreatedOnToolsVersion = 9.1;
						ProvisioningStyle = Automatic;
					};
				};
			};
			buildConfigurationList = EF7706011FEFCC2F00876712 /* Build configuration list for PBXProject "2DoList" */;
			compatibilityVersion = "Xcode 8.0";
			developmentRegion = en;
			hasScannedForEncodings = 0;
			knownRegions = (
				en,
				Base,
			);
			mainGroup = EF7705FD1FEFCC2F00876712;
			productRefGroup = EF7706071FEFCC2F00876712 /* Products */;
			projectDirPath = "";
			projectRoot = "";
			targets = (
				EF7706051FEFCC2F00876712 /* 2DoList */,
			);
		};
/* End PBXProject section */

/* Begin PBXResourcesBuildPhase section */
		EF7706041FEFCC2F00876712 /* Resources */ = {
			isa = PBXResourcesBuildPhase;
			buildActionMask = 2147483647;
			files = (
				EF7706141FEFCC2F00876712 /* LaunchScreen.storyboard in Resources */,
				EF7706111FEFCC2F00876712 /* Assets.xcassets in Resources */,
				EF77060F1FEFCC2F00876712 /* Main.storyboard in Resources */,
			);
			runOnlyForDeploymentPostprocessing = 0;
		};
/* End PBXResourcesBuildPhase section */

/* Begin PBXShellScriptBuildPhase section */
		5CF631D33F7CBC0B640C6C37 /* [CP] Check Pods Manifest.lock */ = {
			isa = PBXShellScriptBuildPhase;
			buildActionMask = 2147483647;
			files = (
			);
			inputPaths = (
				"${PODS_PODFILE_DIR_PATH}/Podfile.lock",
				"${PODS_ROOT}/Manifest.lock",
			);
			name = "[CP] Check Pods Manifest.lock";
			outputPaths = (
				"$(DERIVED_FILE_DIR)/Pods-2DoList-checkManifestLockResult.txt",
			);
			runOnlyForDeploymentPostprocessing = 0;
			shellPath = /bin/sh;
			shellScript = "diff \"${PODS_PODFILE_DIR_PATH}/Podfile.lock\" \"${PODS_ROOT}/Manifest.lock\" > /dev/null\nif [ $? != 0 ] ; then\n    # print error to STDERR\n    echo \"error: The sandbox is not in sync with the Podfile.lock. Run 'pod install' or update your CocoaPods installation.\" >&2\n    exit 1\nfi\n# This output is used by Xcode 'outputs' to avoid re-running this script phase.\necho \"SUCCESS\" > \"${SCRIPT_OUTPUT_FILE_0}\"\n";
			showEnvVarsInLog = 0;
		};
		87AA98C2CC917706B11B8343 /* [CP] Copy Pods Resources */ = {
			isa = PBXShellScriptBuildPhase;
			buildActionMask = 2147483647;
			files = (
			);
			inputPaths = (
			);
			name = "[CP] Copy Pods Resources";
			outputPaths = (
			);
			runOnlyForDeploymentPostprocessing = 0;
			shellPath = /bin/sh;
			shellScript = "\"${SRCROOT}/Pods/Target Support Files/Pods-2DoList/Pods-2DoList-resources.sh\"\n";
			showEnvVarsInLog = 0;
		};
		CFD4AD0DEF3DFCBFA8901C3C /* [CP] Embed Pods Frameworks */ = {
			isa = PBXShellScriptBuildPhase;
			buildActionMask = 2147483647;
			files = (
			);
			inputPaths = (
				"${SRCROOT}/Pods/Target Support Files/Pods-2DoList/Pods-2DoList-frameworks.sh",
				"${BUILT_PRODUCTS_DIR}/ChameleonFramework/ChameleonFramework.framework",
				"${BUILT_PRODUCTS_DIR}/SwipeCellKit/SwipeCellKit.framework",
			);
			name = "[CP] Embed Pods Frameworks";
			outputPaths = (
				"${TARGET_BUILD_DIR}/${FRAMEWORKS_FOLDER_PATH}/ChameleonFramework.framework",
				"${TARGET_BUILD_DIR}/${FRAMEWORKS_FOLDER_PATH}/SwipeCellKit.framework",
			);
			runOnlyForDeploymentPostprocessing = 0;
			shellPath = /bin/sh;
			shellScript = "\"${SRCROOT}/Pods/Target Support Files/Pods-2DoList/Pods-2DoList-frameworks.sh\"\n";
			showEnvVarsInLog = 0;
		};
/* End PBXShellScriptBuildPhase section */

/* Begin PBXSourcesBuildPhase section */
		EF7706021FEFCC2F00876712 /* Sources */ = {
			isa = PBXSourcesBuildPhase;
			buildActionMask = 2147483647;
			files = (
				EF15AE781FF4559500ACAB59 /* CategoryViewController.swift in Sources */,
				EF77060C1FEFCC2F00876712 /* TodoListViewController.swift in Sources */,
				EF790D931FF01ECF00A44C29 /* DataModel.xcdatamodeld in Sources */,
				EF77060A1FEFCC2F00876712 /* AppDelegate.swift in Sources */,
				EF15AE7E1FF82DFF00ACAB59 /* SwipeTableViewController.swift in Sources */,
			);
			runOnlyForDeploymentPostprocessing = 0;
		};
/* End PBXSourcesBuildPhase section */

/* Begin PBXVariantGroup section */
		EF77060D1FEFCC2F00876712 /* Main.storyboard */ = {
			isa = PBXVariantGroup;
			children = (
				EF77060E1FEFCC2F00876712 /* Base */,
			);
			name = Main.storyboard;
			sourceTree = "<group>";
		};
		EF7706121FEFCC2F00876712 /* LaunchScreen.storyboard */ = {
			isa = PBXVariantGroup;
			children = (
				EF7706131FEFCC2F00876712 /* Base */,
			);
			name = LaunchScreen.storyboard;
			sourceTree = "<group>";
		};
/* End PBXVariantGroup section */

/* Begin XCBuildConfiguration section */
		EF7706161FEFCC2F00876712 /* Debug */ = {
			isa = XCBuildConfiguration;
			buildSettings = {
				ALWAYS_SEARCH_USER_PATHS = NO;
				CLANG_ANALYZER_NONNULL = YES;
				CLANG_ANALYZER_NUMBER_OBJECT_CONVERSION = YES_AGGRESSIVE;
				CLANG_CXX_LANGUAGE_STANDARD = "gnu++14";
				CLANG_CXX_LIBRARY = "libc++";
				CLANG_ENABLE_MODULES = YES;
				CLANG_ENABLE_OBJC_ARC = YES;
				CLANG_WARN_BLOCK_CAPTURE_AUTORELEASING = YES;
				CLANG_WARN_BOOL_CONVERSION = YES;
				CLANG_WARN_COMMA = YES;
				CLANG_WARN_CONSTANT_CONVERSION = YES;
				CLANG_WARN_DIRECT_OBJC_ISA_USAGE = YES_ERROR;
				CLANG_WARN_DOCUMENTATION_COMMENTS = YES;
				CLANG_WARN_EMPTY_BODY = YES;
				CLANG_WARN_ENUM_CONVERSION = YES;
				CLANG_WARN_INFINITE_RECURSION = YES;
				CLANG_WARN_INT_CONVERSION = YES;
				CLANG_WARN_NON_LITERAL_NULL_CONVERSION = YES;
				CLANG_WARN_OBJC_LITERAL_CONVERSION = YES;
				CLANG_WARN_OBJC_ROOT_CLASS = YES_ERROR;
				CLANG_WARN_RANGE_LOOP_ANALYSIS = YES;
				CLANG_WARN_STRICT_PROTOTYPES = YES;
				CLANG_WARN_SUSPICIOUS_MOVE = YES;
				CLANG_WARN_UNGUARDED_AVAILABILITY = YES_AGGRESSIVE;
				CLANG_WARN_UNREACHABLE_CODE = YES;
				CLANG_WARN__DUPLICATE_METHOD_MATCH = YES;
				CODE_SIGN_IDENTITY = "iPhone Developer";
				COPY_PHASE_STRIP = NO;
				DEBUG_INFORMATION_FORMAT = dwarf;
				ENABLE_STRICT_OBJC_MSGSEND = YES;
				ENABLE_TESTABILITY = YES;
				GCC_C_LANGUAGE_STANDARD = gnu11;
				GCC_DYNAMIC_NO_PIC = NO;
				GCC_NO_COMMON_BLOCKS = YES;
				GCC_OPTIMIZATION_LEVEL = 0;
				GCC_PREPROCESSOR_DEFINITIONS = (
					"DEBUG=1",
					"$(inherited)",
				);
				GCC_WARN_64_TO_32_BIT_CONVERSION = YES;
				GCC_WARN_ABOUT_RETURN_TYPE = YES_ERROR;
				GCC_WARN_UNDECLARED_SELECTOR = YES;
				GCC_WARN_UNINITIALIZED_AUTOS = YES_AGGRESSIVE;
				GCC_WARN_UNUSED_FUNCTION = YES;
				GCC_WARN_UNUSED_VARIABLE = YES;
				IPHONEOS_DEPLOYMENT_TARGET = 11.1;
				MTL_ENABLE_DEBUG_INFO = YES;
				ONLY_ACTIVE_ARCH = YES;
				SDKROOT = iphoneos;
				SWIFT_ACTIVE_COMPILATION_CONDITIONS = DEBUG;
				SWIFT_OPTIMIZATION_LEVEL = "-Onone";
			};
			name = Debug;
		};
		EF7706171FEFCC2F00876712 /* Release */ = {
			isa = XCBuildConfiguration;
			buildSettings = {
				ALWAYS_SEARCH_USER_PATHS = NO;
				CLANG_ANALYZER_NONNULL = YES;
				CLANG_ANALYZER_NUMBER_OBJECT_CONVERSION = YES_AGGRESSIVE;
				CLANG_CXX_LANGUAGE_STANDARD = "gnu++14";
				CLANG_CXX_LIBRARY = "libc++";
				CLANG_ENABLE_MODULES = YES;
				CLANG_ENABLE_OBJC_ARC = YES;
				CLANG_WARN_BLOCK_CAPTURE_AUTORELEASING = YES;
				CLANG_WARN_BOOL_CONVERSION = YES;
				CLANG_WARN_COMMA = YES;
				CLANG_WARN_CONSTANT_CONVERSION = YES;
				CLANG_WARN_DIRECT_OBJC_ISA_USAGE = YES_ERROR;
				CLANG_WARN_DOCUMENTATION_COMMENTS = YES;
				CLANG_WARN_EMPTY_BODY = YES;
				CLANG_WARN_ENUM_CONVERSION = YES;
				CLANG_WARN_INFINITE_RECURSION = YES;
				CLANG_WARN_INT_CONVERSION = YES;
				CLANG_WARN_NON_LITERAL_NULL_CONVERSION = YES;
				CLANG_WARN_OBJC_LITERAL_CONVERSION = YES;
				CLANG_WARN_OBJC_ROOT_CLASS = YES_ERROR;
				CLANG_WARN_RANGE_LOOP_ANALYSIS = YES;
				CLANG_WARN_STRICT_PROTOTYPES = YES;
				CLANG_WARN_SUSPICIOUS_MOVE = YES;
				CLANG_WARN_UNGUARDED_AVAILABILITY = YES_AGGRESSIVE;
				CLANG_WARN_UNREACHABLE_CODE = YES;
				CLANG_WARN__DUPLICATE_METHOD_MATCH = YES;
				CODE_SIGN_IDENTITY = "iPhone Developer";
				COPY_PHASE_STRIP = NO;
				DEBUG_INFORMATION_FORMAT = "dwarf-with-dsym";
				ENABLE_NS_ASSERTIONS = NO;
				ENABLE_STRICT_OBJC_MSGSEND = YES;
				GCC_C_LANGUAGE_STANDARD = gnu11;
				GCC_NO_COMMON_BLOCKS = YES;
				GCC_WARN_64_TO_32_BIT_CONVERSION = YES;
				GCC_WARN_ABOUT_RETURN_TYPE = YES_ERROR;
				GCC_WARN_UNDECLARED_SELECTOR = YES;
				GCC_WARN_UNINITIALIZED_AUTOS = YES_AGGRESSIVE;
				GCC_WARN_UNUSED_FUNCTION = YES;
				GCC_WARN_UNUSED_VARIABLE = YES;
				IPHONEOS_DEPLOYMENT_TARGET = 11.1;
				MTL_ENABLE_DEBUG_INFO = NO;
				SDKROOT = iphoneos;
				SWIFT_OPTIMIZATION_LEVEL = "-Owholemodule";
				VALIDATE_PRODUCT = YES;
			};
			name = Release;
		};
		EF7706191FEFCC2F00876712 /* Debug */ = {
			isa = XCBuildConfiguration;
			baseConfigurationReference = AB56C40F77FB2007401C5F14 /* Pods-2DoList.debug.xcconfig */;
			buildSettings = {
				ASSETCATALOG_COMPILER_APPICON_NAME = AppIcon;
				CODE_SIGN_STYLE = Automatic;
				DEVELOPMENT_TEAM = G8H6DP9BPD;
				INFOPLIST_FILE = 2DoList/Info.plist;
				IPHONEOS_DEPLOYMENT_TARGET = 10.3;
				LD_RUNPATH_SEARCH_PATHS = "$(inherited) @executable_path/Frameworks";
				PRODUCT_BUNDLE_IDENTIFIER = "MT.-DoList";
				PRODUCT_NAME = "$(TARGET_NAME)";
				SWIFT_VERSION = 4.0;
				TARGETED_DEVICE_FAMILY = "1,2";
			};
			name = Debug;
		};
		EF77061A1FEFCC2F00876712 /* Release */ = {
			isa = XCBuildConfiguration;
			baseConfigurationReference = 91A64F95EDB93DEDF56FCF95 /* Pods-2DoList.release.xcconfig */;
			buildSettings = {
				ASSETCATALOG_COMPILER_APPICON_NAME = AppIcon;
				CODE_SIGN_STYLE = Automatic;
				DEVELOPMENT_TEAM = G8H6DP9BPD;
				INFOPLIST_FILE = 2DoList/Info.plist;
				IPHONEOS_DEPLOYMENT_TARGET = 10.3;
				LD_RUNPATH_SEARCH_PATHS = "$(inherited) @executable_path/Frameworks";
				PRODUCT_BUNDLE_IDENTIFIER = "MT.-DoList";
				PRODUCT_NAME = "$(TARGET_NAME)";
				SWIFT_VERSION = 4.0;
				TARGETED_DEVICE_FAMILY = "1,2";
			};
			name = Release;
		};
/* End XCBuildConfiguration section */

/* Begin XCConfigurationList section */
		EF7706011FEFCC2F00876712 /* Build configuration list for PBXProject "2DoList" */ = {
			isa = XCConfigurationList;
			buildConfigurations = (
				EF7706161FEFCC2F00876712 /* Debug */,
				EF7706171FEFCC2F00876712 /* Release */,
			);
			defaultConfigurationIsVisible = 0;
			defaultConfigurationName = Release;
		};
		EF7706181FEFCC2F00876712 /* Build configuration list for PBXNativeTarget "2DoList" */ = {
			isa = XCConfigurationList;
			buildConfigurations = (
				EF7706191FEFCC2F00876712 /* Debug */,
				EF77061A1FEFCC2F00876712 /* Release */,
			);
			defaultConfigurationIsVisible = 0;
			defaultConfigurationName = Release;
		};
/* End XCConfigurationList section */

/* Begin XCVersionGroup section */
		EF790D911FF01ECF00A44C29 /* DataModel.xcdatamodeld */ = {
			isa = XCVersionGroup;
			children = (
				EF790D921FF01ECF00A44C29 /* DataModel.xcdatamodel */,
			);
			currentVersion = EF790D921FF01ECF00A44C29 /* DataModel.xcdatamodel */;
			path = DataModel.xcdatamodeld;
			sourceTree = "<group>";
			versionGroupType = wrapper.xcdatamodel;
		};
/* End XCVersionGroup section */
	};
	rootObject = EF7705FE1FEFCC2F00876712 /* Project object */;
}
